
Microsoft Visual Studio Solution File, Format Version 12.00
# Visual Studio Version 17
VisualStudioVersion = 17.5.33424.131
MinimumVisualStudioVersion = 10.0.40219.1
Project("{FAE04EC0-301F-11D3-BF4B-00C04F79EFBC}") = "Split", "Split.csproj", "{24793692-6B2D-4E36-B4C6-FB6CF992370D}"
EndProject
Project("{FAE04EC0-301F-11D3-BF4B-00C04F79EFBC}") = "TestSplit", "..\TestSplit\TestSplit.csproj", "{2FE2E890-FE11-4434-9675-271FE24B2674}"
	ProjectSection(ProjectDependencies) = postProject
		{24793692-6B2D-4E36-B4C6-FB6CF992370D} = {24793692-6B2D-4E36-B4C6-FB6CF992370D}
	EndProjectSection
EndProject
Global
	GlobalSection(SolutionConfigurationPlatforms) = preSolution
		Debug|Any CPU = Debug|Any CPU
		Release|Any CPU = Release|Any CPU
	EndGlobalSection
	GlobalSection(ProjectConfigurationPlatforms) = postSolution
		{24793692-6B2D-4E36-B4C6-FB6CF992370D}.Debug|Any CPU.ActiveCfg = Debug|Any CPU
		{24793692-6B2D-4E36-B4C6-FB6CF992370D}.Debug|Any CPU.Build.0 = Debug|Any CPU
		{24793692-6B2D-4E36-B4C6-FB6CF992370D}.Release|Any CPU.ActiveCfg = Release|Any CPU
		{24793692-6B2D-4E36-B4C6-FB6CF992370D}.Release|Any CPU.Build.0 = Release|Any CPU
		{2FE2E890-FE11-4434-9675-271FE24B2674}.Debug|Any CPU.ActiveCfg = Debug|Any CPU
		{2FE2E890-FE11-4434-9675-271FE24B2674}.Debug|Any CPU.Build.0 = Debug|Any CPU
		{2FE2E890-FE11-4434-9675-271FE24B2674}.Release|Any CPU.ActiveCfg = Release|Any CPU
		{2FE2E890-FE11-4434-9675-271FE24B2674}.Release|Any CPU.Build.0 = Release|Any CPU
	EndGlobalSection
	GlobalSection(SolutionProperties) = preSolution
		HideSolutionNode = FALSE
	EndGlobalSection
	GlobalSection(ExtensibilityGlobals) = postSolution
		SolutionGuid = {44804932-2834-4E54-BE42-8FD5E35ED91E}
	EndGlobalSection
EndGlobal
